version = 1
revision = 3
requires-python = ">=3.14"

[[package]]
name = "asgiref"
version = "3.11.1"
source = { registry = "https://pypi.org/simple" }
sdist = { url = "https://files.pythonhosted.org/packages/63/40/f03da1264ae8f7cfdbf9146542e5e7e8100a4c66ab48e791df9a03d3f6c0/asgiref-3.11.1.tar.gz", hash = "sha256:5f184dc43b7e763efe848065441eac62229c9f7b0475f41f80e207a114eda4ce", size = 38550, upload-time = "2026-02-03T13:30:14.33Z" }
wheels = [
    { url = "https://files.pythonhosted.org/packages/5c/0a/a72d10ed65068e115044937873362e6e32fab1b7dce0046aeb224682c989/asgiref-3.11.1-py3-none-any.whl", hash = "sha256:e8667a091e69529631969fd45dc268fa79b99c92c5fcdda727757e52146ec133", size = 24345, upload-time = "2026-02-03T13:30:13.039Z" },
]

[[package]]
name = "bleach"
version = "6.4.0"
source = { registry = "https://pypi.org/simple" }
dependencies = [
    { name = "webencodings" },
]
sdist = { url = "https://files.pythonhosted.org/packages/48/3c/e12ac860709702bd5ebeb9b56a4fe334f1001246ee1b8f2b7ee28912df7d/bleach-6.4.0.tar.gz", hash = "sha256:4202482733d85cedd04e59fcb2f89f4e4c7c385a78d3c3c23c30446843a37452", size = 204857, upload-time = "2026-06-05T13:01:13.734Z" }
wheels = [
    { url = "https://files.pythonhosted.org/packages/58/9d/40b6267367182187139a4000b82a3b287d84d745bccd808e75d916920e9d/bleach-6.4.0-py3-none-any.whl", hash = "sha256:4b6b6a54fff2e69a3dde9d21cc6301220bee3c3cb792187d11403fd795031081", size = 165109, upload-time = "2026-06-05T13:01:12.504Z" },
]

[package.optional-dependencies]
css = [
    { name = "tinycss2" },
]

[[package]]
name = "crispy-bootstrap5"
version = "2026.3"
source = { registry = "https://pypi.org/simple" }
dependencies = [
    { name = "django" },
    { name = "django-crispy-forms" },
]
sdist = { url = "https://files.pythonhosted.org/packages/ab/e8/05e1170f6b8fbfe4098392bdca813c2094659853a438919234d4663009b1/crispy_bootstrap5-2026.3.tar.gz", hash = "sha256:e7f5adb36acfbb456444c46e82c436931c796c539e9c620be4fa9dc9c9d6679c", size = 23452, upload-time = "2026-03-01T10:08:00.459Z" }
wheels = [
    { url = "https://files.pythonhosted.org/packages/9d/2d/93f78072f203aa28d961add6a130b929b47f7aa3fef6905898b4bb9a637d/crispy_bootstrap5-2026.3-py3-none-any.whl", hash = "sha256:e0fff85c0503e9aed610a0ee31368e2191d340657f813669491c288c1c2e2dfa", size = 24770, upload-time = "2026-03-01T10:07:59.058Z" },
]

[[package]]
name = "demo"
version = "0.1.0"
source = { virtual = "." }
dependencies = [
    { name = "django" },
    { name = "django-app-help" },
    { name = "django-book-manager" },
    { name = "django-markdownify" },
    { name = "django-theme-academy" },
    { name = "django-wildewidgets" },
]

[package.metadata]
requires-dist = [
    { name = "django", specifier = ">=5.2.12" },
    { name = "django-app-help", editable = "../" },
    { name = "django-book-manager", specifier = ">=0.3.2" },
    { name = "django-markdownify", specifier = ">=0.9.7" },
    { name = "django-theme-academy", specifier = ">=0.3.13" },
    { name = "django-wildewidgets", specifier = ">=1.7.2" },
]

[[package]]
name = "django"
version = "6.0.6"
source = { registry = "https://pypi.org/simple" }
dependencies = [
    { name = "asgiref" },
    { name = "sqlparse" },
    { name = "tzdata", marker = "sys_platform == 'win32'" },
]
sdist = { url = "https://files.pythonhosted.org/packages/78/29/ac41e16097af67066d97a7d5775c5d8e7efc5d0284f6b0a159e07b9adb92/django-6.0.6.tar.gz", hash = "sha256:ad03916ba59523d781ae5c3f631960c23d69a9d9c43cecda52fc23b47e953713", size = 10905525, upload-time = "2026-06-03T13:02:46.503Z" }
wheels = [
    { url = "https://files.pythonhosted.org/packages/eb/50/23f9dc45483419a3cc2085b498b25adfbf10642b2941c73e6d2dfaffc9ab/django-6.0.6-py3-none-any.whl", hash = "sha256:25148b1194c47c2e685e5f5e9c5d59c78b075dfd282cb9618861ba6c1708f4d2", size = 8373354, upload-time = "2026-06-03T13:02:41.72Z" },
]

[[package]]
name = "django-app-help"
version = "0.1.0"
source = { editable = "../" }
dependencies = [
    { name = "django" },
    { name = "django-markdownify" },
    { name = "django-wildewidgets" },
    { name = "pyyaml" },
]

[package.metadata]
requires-dist = [
    { name = "django", specifier = ">=5.2" },
    { name = "django-markdownify", specifier = ">=0.9.7" },
    { name = "django-wildewidgets", specifier = ">=1.7.2" },
    { name = "pyyaml", specifier = ">=6.0" },
]

[[package]]
name = "django-book-manager"
version = "0.3.2"
source = { registry = "https://pypi.org/simple" }
dependencies = [
    { name = "django-extensions" },
    { name = "nameparser" },
]
sdist = { url = "https://files.pythonhosted.org/packages/25/fb/ba51421104e01005fef3147b9636788acc9faa3c73c97a9f3734a0ed0c3f/django-book-manager-0.3.2.tar.gz", hash = "sha256:c10c1bdfd0fdc93b60b78f09b7dfe0baf2661e85689bb3ab3b45e8daf2e70986", size = 15604, upload-time = "2023-01-28T00:53:07.304Z" }
wheels = [
    { url = "https://files.pythonhosted.org/packages/e1/08/6a4fa038ad2a59d68d58a8d3795a4069dc9cc34c04b8754689d1c667f08f/django_book_manager-0.3.2-py2.py3-none-any.whl", hash = "sha256:f21faa6131c9df72a68e71b6d5a8319f7bb8b575584f90833be81f026a0893d1", size = 17638, upload-time = "2023-01-28T00:53:04.926Z" },
]

[[package]]
name = "django-crispy-forms"
version = "2.6"
source = { registry = "https://pypi.org/simple" }
dependencies = [
    { name = "django" },
]
sdist = { url = "https://files.pythonhosted.org/packages/73/42/c2cfb672493730b963ef377b103e29871c56348a215d0ae8cf362fe8ab1e/django_crispy_forms-2.6.tar.gz", hash = "sha256:4921a1087c6cd4f9fa3c139654c1de1c1c385f8bd6729aaee530bc0121ab4b93", size = 1097838, upload-time = "2026-03-01T09:03:37.138Z" }
wheels = [
    { url = "https://files.pythonhosted.org/packages/96/e3/4c5915a732d6ab54da8871400852b67529518eedfb6b78ecf10bbccfcabb/django_crispy_forms-2.6-py3-none-any.whl", hash = "sha256:8ee0ae28b6b0ac41ff48a65944480c049fe8d1b0047086874fd7efabf4ec1374", size = 31479, upload-time = "2026-03-01T09:03:36.048Z" },
]

[[package]]
name = "django-extensions"
version = "4.1"
source = { registry = "https://pypi.org/simple" }
dependencies = [
    { name = "django" },
]
sdist = { url = "https://files.pythonhosted.org/packages/6d/b3/ed0f54ed706ec0b54fd251cc0364a249c6cd6c6ec97f04dc34be5e929eac/django_extensions-4.1.tar.gz", hash = "sha256:7b70a4d28e9b840f44694e3f7feb54f55d495f8b3fa6c5c0e5e12bcb2aa3cdeb", size = 283078, upload-time = "2025-04-11T01:15:39.617Z" }
wheels = [
    { url = "https://files.pythonhosted.org/packages/64/96/d967ca440d6a8e3861120f51985d8e5aec79b9a8bdda16041206adfe7adc/django_extensions-4.1-py3-none-any.whl", hash = "sha256:0699a7af28f2523bf8db309a80278519362cd4b6e1fd0a8cd4bf063e1e023336", size = 232980, upload-time = "2025-04-11T01:15:37.701Z" },
]

[[package]]
name = "django-markdownify"
version = "0.9.7"
source = { registry = "https://pypi.org/simple" }
dependencies = [
    { name = "bleach", extra = ["css"] },
    { name = "django" },
    { name = "markdown" },
]
sdist = { url = "https://files.pythonhosted.org/packages/db/ae/2ecbac028f470ed78b8826413495d5ea60c9d53d7af000729ff3a7663ff8/django_markdownify-0.9.7.tar.gz", hash = "sha256:2e59dfd445ad6362288f7bc1574e45d8356848463e261b878fd70df6a272c47f", size = 8084, upload-time = "2026-05-18T06:51:55.279Z" }
wheels = [
    { url = "https://files.pythonhosted.org/packages/34/b9/9b1a28f605ad75fa7e4588f51661eb3c7c5feb5ad23e985761e9a14d01c4/django_markdownify-0.9.7-py3-none-any.whl", hash = "sha256:ca3a6361f952d1c1b661c13229f69219a36e745358aa0f377212aef8f09e4cf3", size = 10449, upload-time = "2026-05-18T06:51:53.414Z" },
]

[[package]]
name = "django-theme-academy"
version = "0.3.13"
source = { registry = "https://pypi.org/simple" }
dependencies = [
    { name = "django-wildewidgets" },
]
sdist = { url = "https://files.pythonhosted.org/packages/65/4b/e161bd69c4828915cf04abfd6094f58dea1482c60025d4c08f58e7d22f68/django_theme_academy-0.3.13.tar.gz", hash = "sha256:09bf0fc8106e80079beeeedd1d31386fff29f6b7a37c9ac22dd05d8bb50546df", size = 227032, upload-time = "2025-09-06T01:09:04.886Z" }
wheels = [
    { url = "https://files.pythonhosted.org/packages/05/1f/fdd4b86c626dc2896e52b2310cb16008441f62a5b7c1d516a2f094046e0f/django_theme_academy-0.3.13-py2.py3-none-any.whl", hash = "sha256:68ed002fbb680b3c63dd5ac12b87a57b791466fb4d710f74a3b38a15685acb34", size = 229865, upload-time = "2025-09-06T01:09:03.284Z" },
]

[[package]]
name = "django-wildewidgets"
version = "1.7.2"
source = { registry = "https://pypi.org/simple" }
dependencies = [
    { name = "crispy-bootstrap5" },
    { name = "django" },
    { name = "django-crispy-forms" },
]
sdist = { url = "https://files.pythonhosted.org/packages/04/c8/9083426dd0055da92044a6f2e2df708982da6e247a1a95f293d94a60262b/django_wildewidgets-1.7.2.tar.gz", hash = "sha256:c9cca8b87c913f06a649474da962b012296ae9cafac4d88eafb882497c148ae9", size = 186085, upload-time = "2026-07-01T03:29:12.752Z" }
wheels = [
    { url = "https://files.pythonhosted.org/packages/2f/04/251d2f92ad4e13e894567d6b0cfcc179dfa858c6b280179cb37817a5debe/django_wildewidgets-1.7.2-py3-none-any.whl", hash = "sha256:50fbeeb8bf6074952cb2c15afea07ed833d7f225c969a5f114a8079857af9a31", size = 223180, upload-time = "2026-07-01T03:29:11.328Z" },
]

[[package]]
name = "markdown"
version = "3.10.2"
source = { registry = "https://pypi.org/simple" }
sdist = { url = "https://files.pythonhosted.org/packages/2b/f4/69fa6ed85ae003c2378ffa8f6d2e3234662abd02c10d216c0ba96081a238/markdown-3.10.2.tar.gz", hash = "sha256:994d51325d25ad8aa7ce4ebaec003febcce822c3f8c911e3b17c52f7f589f950", size = 368805, upload-time = "2026-02-09T14:57:26.942Z" }
wheels = [
    { url = "https://files.pythonhosted.org/packages/de/1f/77fa3081e4f66ca3576c896ae5d31c3002ac6607f9747d2e3aa49227e464/markdown-3.10.2-py3-none-any.whl", hash = "sha256:e91464b71ae3ee7afd3017d9f358ef0baf158fd9a298db92f1d4761133824c36", size = 108180, upload-time = "2026-02-09T14:57:25.787Z" },
]

[[package]]
name = "nameparser"
version = "1.2.1"
source = { registry = "https://pypi.org/simple" }
sdist = { url = "https://files.pythonhosted.org/packages/97/5d/ca60f316239f27f7fb544229fba828334b6ceecd161456c6050490cb49db/nameparser-1.2.1.tar.gz", hash = "sha256:62646ce9bc4961eb546b8bc8afb94227713682fa3568d0de1f56f9713a8062a7", size = 40656, upload-time = "2026-06-19T23:05:43.574Z" }
wheels = [
    { url = "https://files.pythonhosted.org/packages/b8/f5/ab2d6806cdf59d2c42a6e838fcdbfcfb27e1d095d44649de8f499852dae3/nameparser-1.2.1-py3-none-any.whl", hash = "sha256:0e81087e3cf6b9c88f26733a315ca21f3da05847e4863432da492927fef4dc53", size = 25726, upload-time = "2026-06-19T23:05:42.305Z" },
]

[[package]]
name = "pyyaml"
version = "6.0.3"
source = { registry = "https://pypi.org/simple" }
sdist = { url = "https://files.pythonhosted.org/packages/05/8e/961c0007c59b8dd7729d542c61a4d537767a59645b82a0b521206e1e25c2/pyyaml-6.0.3.tar.gz", hash = "sha256:d76623373421df22fb4cf8817020cbb7ef15c725b9d5e45f17e189bfc384190f", size = 130960, upload-time = "2025-09-25T21:33:16.546Z" }
wheels = [
    { url = "https://files.pythonhosted.org/packages/9d/8c/f4bd7f6465179953d3ac9bc44ac1a8a3e6122cf8ada906b4f96c60172d43/pyyaml-6.0.3-cp314-cp314-macosx_10_13_x86_64.whl", hash = "sha256:8d1fab6bb153a416f9aeb4b8763bc0f22a5586065f86f7664fc23339fc1c1fac", size = 181814, upload-time = "2025-09-25T21:32:35.712Z" },
    { url = "https://files.pythonhosted.org/packages/bd/9c/4d95bb87eb2063d20db7b60faa3840c1b18025517ae857371c4dd55a6b3a/pyyaml-6.0.3-cp314-cp314-macosx_11_0_arm64.whl", hash = "sha256:34d5fcd24b8445fadc33f9cf348c1047101756fd760b4dacb5c3e99755703310", size = 173809, upload-time = "2025-09-25T21:32:36.789Z" },
    { url = "https://files.pythonhosted.org/packages/92/b5/47e807c2623074914e29dabd16cbbdd4bf5e9b2db9f8090fa64411fc5382/pyyaml-6.0.3-cp314-cp314-manylinux2014_aarch64.manylinux_2_17_aarch64.manylinux_2_28_aarch64.whl", hash = "sha256:501a031947e3a9025ed4405a168e6ef5ae3126c59f90ce0cd6f2bfc477be31b7", size = 766454, upload-time = "2025-09-25T21:32:37.966Z" },
    { url = "https://files.pythonhosted.org/packages/02/9e/e5e9b168be58564121efb3de6859c452fccde0ab093d8438905899a3a483/pyyaml-6.0.3-cp314-cp314-manylinux2014_s390x.manylinux_2_17_s390x.manylinux_2_28_s390x.whl", hash = "sha256:b3bc83488de33889877a0f2543ade9f70c67d66d9ebb4ac959502e12de895788", size = 836355, upload-time = "2025-09-25T21:32:39.178Z" },
    { url = "https://files.pythonhosted.org/packages/88/f9/16491d7ed2a919954993e48aa941b200f38040928474c9e85ea9e64222c3/pyyaml-6.0.3-cp314-cp314-manylinux2014_x86_64.manylinux_2_17_x86_64.manylinux_2_28_x86_64.whl", hash = "sha256:c458b6d084f9b935061bc36216e8a69a7e293a2f1e68bf956dcd9e6cbcd143f5", size = 794175, upload-time = "2025-09-25T21:32:40.865Z" },
    { url = "https://files.pythonhosted.org/packages/dd/3f/5989debef34dc6397317802b527dbbafb2b4760878a53d4166579111411e/pyyaml-6.0.3-cp314-cp314-musllinux_1_2_aarch64.whl", hash = "sha256:7c6610def4f163542a622a73fb39f534f8c101d690126992300bf3207eab9764", size = 755228, upload-time = "2025-09-25T21:32:42.084Z" },
    { url = "https://files.pythonhosted.org/packages/d7/ce/af88a49043cd2e265be63d083fc75b27b6ed062f5f9fd6cdc223ad62f03e/pyyaml-6.0.3-cp314-cp314-musllinux_1_2_x86_64.whl", hash = "sha256:5190d403f121660ce8d1d2c1bb2ef1bd05b5f68533fc5c2ea899bd15f4399b35", size = 789194, upload-time = "2025-09-25T21:32:43.362Z" },
    { url = "https://files.pythonhosted.org/packages/23/20/bb6982b26a40bb43951265ba29d4c246ef0ff59c9fdcdf0ed04e0687de4d/pyyaml-6.0.3-cp314-cp314-win_amd64.whl", hash = "sha256:4a2e8cebe2ff6ab7d1050ecd59c25d4c8bd7e6f400f5f82b96557ac0abafd0ac", size = 156429, upload-time = "2025-09-25T21:32:57.844Z" },
    { url = "https://files.pythonhosted.org/packages/f4/f4/a4541072bb9422c8a883ab55255f918fa378ecf083f5b85e87fc2b4eda1b/pyyaml-6.0.3-cp314-cp314-win_arm64.whl", hash = "sha256:93dda82c9c22deb0a405ea4dc5f2d0cda384168e466364dec6255b293923b2f3", size = 143912, upload-time = "2025-09-25T21:32:59.247Z" },
    { url = "https://files.pythonhosted.org/packages/7c/f9/07dd09ae774e4616edf6cda684ee78f97777bdd15847253637a6f052a62f/pyyaml-6.0.3-cp314-cp314t-macosx_10_13_x86_64.whl", hash = "sha256:02893d100e99e03eda1c8fd5c441d8c60103fd175728e23e431db1b589cf5ab3", size = 189108, upload-time = "2025-09-25T21:32:44.377Z" },
    { url = "https://files.pythonhosted.org/packages/4e/78/8d08c9fb7ce09ad8c38ad533c1191cf27f7ae1effe5bb9400a46d9437fcf/pyyaml-6.0.3-cp314-cp314t-macosx_11_0_arm64.whl", hash = "sha256:c1ff362665ae507275af2853520967820d9124984e0f7466736aea23d8611fba", size = 183641, upload-time = "2025-09-25T21:32:45.407Z" },
    { url = "https://files.pythonhosted.org/packages/7b/5b/3babb19104a46945cf816d047db2788bcaf8c94527a805610b0289a01c6b/pyyaml-6.0.3-cp314-cp314t-manylinux2014_aarch64.manylinux_2_17_aarch64.manylinux_2_28_aarch64.whl", hash = "sha256:6adc77889b628398debc7b65c073bcb99c4a0237b248cacaf3fe8a557563ef6c", size = 831901, upload-time = "2025-09-25T21:32:48.83Z" },
    { url = "https://files.pythonhosted.org/packages/8b/cc/dff0684d8dc44da4d22a13f35f073d558c268780ce3c6ba1b87055bb0b87/pyyaml-6.0.3-cp314-cp314t-manylinux2014_s390x.manylinux_2_17_s390x.manylinux_2_28_s390x.whl", hash = "sha256:a80cb027f6b349846a3bf6d73b5e95e782175e52f22108cfa17876aaeff93702", size = 861132, upload-time = "2025-09-25T21:32:50.149Z" },
    { url = "https://files.pythonhosted.org/packages/b1/5e/f77dc6b9036943e285ba76b49e118d9ea929885becb0a29ba8a7c75e29fe/pyyaml-6.0.3-cp314-cp314t-manylinux2014_x86_64.manylinux_2_17_x86_64.manylinux_2_28_x86_64.whl", hash = "sha256:00c4bdeba853cc34e7dd471f16b4114f4162dc03e6b7afcc2128711f0eca823c", size = 839261, upload-time = "2025-09-25T21:32:51.808Z" },
    { url = "https://files.pythonhosted.org/packages/ce/88/a9db1376aa2a228197c58b37302f284b5617f56a5d959fd1763fb1675ce6/pyyaml-6.0.3-cp314-cp314t-musllinux_1_2_aarch64.whl", hash = "sha256:66e1674c3ef6f541c35191caae2d429b967b99e02040f5ba928632d9a7f0f065", size = 805272, upload-time = "2025-09-25T21:32:52.941Z" },
    { url = "https://files.pythonhosted.org/packages/da/92/1446574745d74df0c92e6aa4a7b0b3130706a4142b2d1a5869f2eaa423c6/pyyaml-6.0.3-cp314-cp314t-musllinux_1_2_x86_64.whl", hash = "sha256:16249ee61e95f858e83976573de0f5b2893b3677ba71c9dd36b9cf8be9ac6d65", size = 829923, upload-time = "2025-09-25T21:32:54.537Z" },
    { url = "https://files.pythonhosted.org/packages/f0/7a/1c7270340330e575b92f397352af856a8c06f230aa3e76f86b39d01b416a/pyyaml-6.0.3-cp314-cp314t-win_amd64.whl", hash = "sha256:4ad1906908f2f5ae4e5a8ddfce73c320c2a1429ec52eafd27138b7f1cbe341c9", size = 174062, upload-time = "2025-09-25T21:32:55.767Z" },
    { url = "https://files.pythonhosted.org/packages/f1/12/de94a39c2ef588c7e6455cfbe7343d3b2dc9d6b6b2f40c4c6565744c873d/pyyaml-6.0.3-cp314-cp314t-win_arm64.whl", hash = "sha256:ebc55a14a21cb14062aa4162f906cd962b28e2e9ea38f9b4391244cd8de4ae0b", size = 149341, upload-time = "2025-09-25T21:32:56.828Z" },
]

[[package]]
name = "sqlparse"
version = "0.5.5"
source = { registry = "https://pypi.org/simple" }
sdist = { url = "https://files.pythonhosted.org/packages/90/76/437d71068094df0726366574cf3432a4ed754217b436eb7429415cf2d480/sqlparse-0.5.5.tar.gz", hash = "sha256:e20d4a9b0b8585fdf63b10d30066c7c94c5d7a7ec47c889a2d83a3caa93ff28e", size = 120815, upload-time = "2025-12-19T07:17:45.073Z" }
wheels = [
    { url = "https://files.pythonhosted.org/packages/49/4b/359f28a903c13438ef59ebeee215fb25da53066db67b305c125f1c6d2a25/sqlparse-0.5.5-py3-none-any.whl", hash = "sha256:12a08b3bf3eec877c519589833aed092e2444e68240a3577e8e26148acc7b1ba", size = 46138, upload-time = "2025-12-19T07:17:46.573Z" },
]

[[package]]
name = "tinycss2"
version = "1.5.1"
source = { registry = "https://pypi.org/simple" }
dependencies = [
    { name = "webencodings" },
]
sdist = { url = "https://files.pythonhosted.org/packages/a3/ae/2ca4913e5c0f09781d75482874c3a95db9105462a92ddd303c7d285d3df2/tinycss2-1.5.1.tar.gz", hash = "sha256:d339d2b616ba90ccce58da8495a78f46e55d4d25f9fd71dfd526f07e7d53f957", size = 88195, upload-time = "2025-11-23T10:29:10.082Z" }
wheels = [
    { url = "https://files.pythonhosted.org/packages/60/45/c7b5c3168458db837e8ceab06dc77824e18202679d0463f0e8f002143a97/tinycss2-1.5.1-py3-none-any.whl", hash = "sha256:3415ba0f5839c062696996998176c4a3751d18b7edaaeeb658c9ce21ec150661", size = 28404, upload-time = "2025-11-23T10:29:08.676Z" },
]

[[package]]
name = "tzdata"
version = "2026.2"
source = { registry = "https://pypi.org/simple" }
sdist = { url = "https://files.pythonhosted.org/packages/ba/19/1b9b0e29f30c6d35cb345486df41110984ea67ae69dddbc0e8a100999493/tzdata-2026.2.tar.gz", hash = "sha256:9173fde7d80d9018e02a662e168e5a2d04f87c41ea174b139fbef642eda62d10", size = 198254, upload-time = "2026-04-24T15:22:08.651Z" }
wheels = [
    { url = "https://files.pythonhosted.org/packages/ce/e4/dccd7f47c4b64213ac01ef921a1337ee6e30e8c6466046018326977efd95/tzdata-2026.2-py2.py3-none-any.whl", hash = "sha256:bbe9af844f658da81a5f95019480da3a89415801f6cc966806612cc7169bffe7", size = 349321, upload-time = "2026-04-24T15:22:05.876Z" },
]

[[package]]
name = "webencodings"
version = "0.5.1"
source = { registry = "https://pypi.org/simple" }
sdist = { url = "https://files.pythonhosted.org/packages/0b/02/ae6ceac1baeda530866a85075641cec12989bd8d31af6d5ab4a3e8c92f47/webencodings-0.5.1.tar.gz", hash = "sha256:b36a1c245f2d304965eb4e0a82848379241dc04b865afcc4aab16748587e1923", size = 9721, upload-time = "2017-04-05T20:21:34.189Z" }
wheels = [
    { url = "https://files.pythonhosted.org/packages/f4/24/2a3e3df732393fed8b3ebf2ec078f05546de641fe1b667ee316ec1dcf3b7/webencodings-0.5.1-py2.py3-none-any.whl", hash = "sha256:a0af1213f3c2226497a97e2b3aa01a7e4bee4f403f95be16fc9acd2947514a78", size = 11774, upload-time = "2017-04-05T20:21:32.581Z" },
]
